
Microsoft Visual Studio Solution File, Format Version 12.00
# Visual Studio Version 17
VisualStudioVersion = 17.5.33530.505
MinimumVisualStudioVersion = 10.0.40219.1
Project("{FAE04EC0-301F-11D3-BF4B-00C04F79EFBC}") = "Dice Game", "Dice Game\Dice Game.csproj", "{57EDAA3C-1FCB-4C1F-9CFE-ABEFA07FE34E}"
EndProject
Global
	GlobalSection(SolutionConfigurationPlatforms) = preSolution
		Debug|Any CPU = Debug|Any CPU
		Release|Any CPU = Release|Any CPU
	EndGlobalSection
	GlobalSection(ProjectConfigurationPlatforms) = postSolution
		{57EDAA3C-1FCB-4C1F-9CFE-ABEFA07FE34E}.Debug|Any CPU.ActiveCfg = Debug|Any CPU
		{57EDAA3C-1FCB-4C1F-9CFE-ABEFA07FE34E}.Debug|Any CPU.Build.0 = Debug|Any CPU
		{57EDAA3C-1FCB-4C1F-9CFE-ABEFA07FE34E}.Release|Any CPU.ActiveCfg = Release|Any CPU
		{57EDAA3C-1FCB-4C1F-9CFE-ABEFA07FE34E}.Release|Any CPU.Build.0 = Release|Any CPU
	EndGlobalSection
	GlobalSection(SolutionProperties) = preSolution
		HideSolutionNode = FALSE
	EndGlobalSection
	GlobalSection(ExtensibilityGlobals) = postSolution
		SolutionGuid = {EEDC9600-7F5A-4FB1-AB94-57A134F1254E}
	EndGlobalSection
EndGlobal
